
Microsoft Visual Studio Solution File, Format Version 12.00
# Visual Studio Version 17
VisualStudioVersion = 17.13.35931.197 d17.13
MinimumVisualStudioVersion = 10.0.40219.1
Project("{FAE04EC0-301F-11D3-BF4B-00C04F79EFBC}") = "FinalExam", "FinalExam.csproj", "{D428DC45-9C06-4AB3-BAA3-C7422CA83BDC}"
EndProject
Global
	GlobalSection(SolutionConfigurationPlatforms) = preSolution
		Debug|Any CPU = Debug|Any CPU
		Release|Any CPU = Release|Any CPU
	EndGlobalSection
	GlobalSection(ProjectConfigurationPlatforms) = postSolution
		{D428DC45-9C06-4AB3-BAA3-C7422CA83BDC}.Debug|Any CPU.ActiveCfg = Debug|Any CPU
		{D428DC45-9C06-4AB3-BAA3-C7422CA83BDC}.Debug|Any CPU.Build.0 = Debug|Any CPU
		{D428DC45-9C06-4AB3-BAA3-C7422CA83BDC}.Release|Any CPU.ActiveCfg = Release|Any CPU
		{D428DC45-9C06-4AB3-BAA3-C7422CA83BDC}.Release|Any CPU.Build.0 = Release|Any CPU
	EndGlobalSection
	GlobalSection(SolutionProperties) = preSolution
		HideSolutionNode = FALSE
	EndGlobalSection
	GlobalSection(ExtensibilityGlobals) = postSolution
		SolutionGuid = {265961C9-65CF-447A-B0EF-0FE9D93A8187}
	EndGlobalSection
EndGlobal
